
Microsoft Visual Studio Solution File, Format Version 12.00
# Visual Studio Version 17
VisualStudioVersion = 17.12.35527.113
MinimumVisualStudioVersion = 10.0.40219.1
Project("{FAE04EC0-301F-11D3-BF4B-00C04F79EFBC}") = "CosmeticStoreLib", "CosmeticStoreLib\CosmeticStoreLib.csproj", "{66AB49A5-67AF-4AB8-BD28-5D2ADAFA1166}"
EndProject
Project("{FAE04EC0-301F-11D3-BF4B-00C04F79EFBC}") = "StoreApiApp", "StoreApiApp\StoreApiApp.csproj", "{408CA03C-58D5-4AEF-83DC-2DA2B59E4ADA}"
EndProject
Project("{FAE04EC0-301F-11D3-BF4B-00C04F79EFBC}") = "CosmeticStoreApp", "CosmeticStoreApp\CosmeticStoreApp.csproj", "{C5853536-E2FA-47D9-8E85-C3AF021B4664}"
EndProject
Global
	GlobalSection(SolutionConfigurationPlatforms) = preSolution
		Debug|Any CPU = Debug|Any CPU
		Release|Any CPU = Release|Any CPU
	EndGlobalSection
	GlobalSection(ProjectConfigurationPlatforms) = postSolution
		{66AB49A5-67AF-4AB8-BD28-5D2ADAFA1166}.Debug|Any CPU.ActiveCfg = Debug|Any CPU
		{66AB49A5-67AF-4AB8-BD28-5D2ADAFA1166}.Debug|Any CPU.Build.0 = Debug|Any CPU
		{66AB49A5-67AF-4AB8-BD28-5D2ADAFA1166}.Release|Any CPU.ActiveCfg = Release|Any CPU
		{66AB49A5-67AF-4AB8-BD28-5D2ADAFA1166}.Release|Any CPU.Build.0 = Release|Any CPU
		{408CA03C-58D5-4AEF-83DC-2DA2B59E4ADA}.Debug|Any CPU.ActiveCfg = Debug|Any CPU
		{408CA03C-58D5-4AEF-83DC-2DA2B59E4ADA}.Debug|Any CPU.Build.0 = Debug|Any CPU
		{408CA03C-58D5-4AEF-83DC-2DA2B59E4ADA}.Release|Any CPU.ActiveCfg = Release|Any CPU
		{408CA03C-58D5-4AEF-83DC-2DA2B59E4ADA}.Release|Any CPU.Build.0 = Release|Any CPU
		{C5853536-E2FA-47D9-8E85-C3AF021B4664}.Debug|Any CPU.ActiveCfg = Debug|Any CPU
		{C5853536-E2FA-47D9-8E85-C3AF021B4664}.Debug|Any CPU.Build.0 = Debug|Any CPU
		{C5853536-E2FA-47D9-8E85-C3AF021B4664}.Release|Any CPU.ActiveCfg = Release|Any CPU
		{C5853536-E2FA-47D9-8E85-C3AF021B4664}.Release|Any CPU.Build.0 = Release|Any CPU
	EndGlobalSection
	GlobalSection(SolutionProperties) = preSolution
		HideSolutionNode = FALSE
	EndGlobalSection
EndGlobal
