
Microsoft Visual Studio Solution File, Format Version 12.00
# Visual Studio Version 17
VisualStudioVersion = 17.11.35222.181
MinimumVisualStudioVersion = 10.0.40219.1
Project("{FAE04EC0-301F-11D3-BF4B-00C04F79EFBC}") = "LabWork182", "LabWork182\LabWork182.csproj", "{37851503-D225-4DBF-A988-963E48EE82DD}"
EndProject
Global
	GlobalSection(SolutionConfigurationPlatforms) = preSolution
		Debug|Any CPU = Debug|Any CPU
		Release|Any CPU = Release|Any CPU
	EndGlobalSection
	GlobalSection(ProjectConfigurationPlatforms) = postSolution
		{37851503-D225-4DBF-A988-963E48EE82DD}.Debug|Any CPU.ActiveCfg = Debug|Any CPU
		{37851503-D225-4DBF-A988-963E48EE82DD}.Debug|Any CPU.Build.0 = Debug|Any CPU
		{37851503-D225-4DBF-A988-963E48EE82DD}.Release|Any CPU.ActiveCfg = Release|Any CPU
		{37851503-D225-4DBF-A988-963E48EE82DD}.Release|Any CPU.Build.0 = Release|Any CPU
	EndGlobalSection
	GlobalSection(SolutionProperties) = preSolution
		HideSolutionNode = FALSE
	EndGlobalSection
	GlobalSection(ExtensibilityGlobals) = postSolution
		SolutionGuid = {FC2B037F-E8D5-4EE6-9AEF-D38F6809E5DD}
	EndGlobalSection
EndGlobal
